
Microsoft Visual Studio Solution File, Format Version 12.00
# Visual Studio Version 16
VisualStudioVersion = 16.0.31129.286
MinimumVisualStudioVersion = 10.0.40219.1
Project("{FAE04EC0-301F-11D3-BF4B-00C04F79EFBC}") = "CSharp.DesignPatterns.Structural.Adapter", "CSharp.DesignPatterns.Structural.Adapter\CSharp.DesignPatterns.Structural.Adapter.csproj", "{B954FA45-DFE9-472C-AAAD-F95F8C94D15B}"
EndProject
Project("{FAE04EC0-301F-11D3-BF4B-00C04F79EFBC}") = "models", "models\models.csproj", "{5CA7AFAE-7FAA-44E7-A827-63414F5571D4}"
EndProject
Global
	GlobalSection(SolutionConfigurationPlatforms) = preSolution
		Debug|Any CPU = Debug|Any CPU
		Release|Any CPU = Release|Any CPU
	EndGlobalSection
	GlobalSection(ProjectConfigurationPlatforms) = postSolution
		{B954FA45-DFE9-472C-AAAD-F95F8C94D15B}.Debug|Any CPU.ActiveCfg = Debug|Any CPU
		{B954FA45-DFE9-472C-AAAD-F95F8C94D15B}.Debug|Any CPU.Build.0 = Debug|Any CPU
		{B954FA45-DFE9-472C-AAAD-F95F8C94D15B}.Release|Any CPU.ActiveCfg = Release|Any CPU
		{B954FA45-DFE9-472C-AAAD-F95F8C94D15B}.Release|Any CPU.Build.0 = Release|Any CPU
		{5CA7AFAE-7FAA-44E7-A827-63414F5571D4}.Debug|Any CPU.ActiveCfg = Debug|Any CPU
		{5CA7AFAE-7FAA-44E7-A827-63414F5571D4}.Debug|Any CPU.Build.0 = Debug|Any CPU
		{5CA7AFAE-7FAA-44E7-A827-63414F5571D4}.Release|Any CPU.ActiveCfg = Release|Any CPU
		{5CA7AFAE-7FAA-44E7-A827-63414F5571D4}.Release|Any CPU.Build.0 = Release|Any CPU
	EndGlobalSection
	GlobalSection(SolutionProperties) = preSolution
		HideSolutionNode = FALSE
	EndGlobalSection
	GlobalSection(ExtensibilityGlobals) = postSolution
		SolutionGuid = {E1C6BA0B-6AC9-4D6D-BF92-F6B1A53F7A41}
	EndGlobalSection
EndGlobal
